
Microsoft Visual Studio Solution File, Format Version 12.00
# Visual Studio Version 16
VisualStudioVersion = 16.0.31702.278
MinimumVisualStudioVersion = 10.0.40219.1
Project("{9A19103F-16F7-4668-BE54-9A1E7A4F7556}") = "rem-api", "rem-api.csproj", "{7AA25D62-6EB8-43ED-AB49-93D1B7858756}"
EndProject
Global
	GlobalSection(SolutionConfigurationPlatforms) = preSolution
		Debug|Any CPU = Debug|Any CPU
		Release|Any CPU = Release|Any CPU
	EndGlobalSection
	GlobalSection(ProjectConfigurationPlatforms) = postSolution
		{7AA25D62-6EB8-43ED-AB49-93D1B7858756}.Debug|Any CPU.ActiveCfg = Debug|Any CPU
		{7AA25D62-6EB8-43ED-AB49-93D1B7858756}.Debug|Any CPU.Build.0 = Debug|Any CPU
		{7AA25D62-6EB8-43ED-AB49-93D1B7858756}.Release|Any CPU.ActiveCfg = Release|Any CPU
		{7AA25D62-6EB8-43ED-AB49-93D1B7858756}.Release|Any CPU.Build.0 = Release|Any CPU
	EndGlobalSection
	GlobalSection(SolutionProperties) = preSolution
		HideSolutionNode = FALSE
	EndGlobalSection
	GlobalSection(ExtensibilityGlobals) = postSolution
		SolutionGuid = {76E43066-2E76-4E11-A3C0-4FBF4E39D503}
	EndGlobalSection
EndGlobal
